// !$*UTF8*$!
{
	archiveVersion = 1;
	classes = {
	};
	objectVersion = 56;
	objects = {

/* Begin PBXBuildFile section */
		9A484A912C3B554A00A5E265 /* first_checkApp.swift in Sources */ = {isa = PBXBuildFile; fileRef = 9A484A902C3B554A00A5E265 /* first_checkApp.swift */; };
		9A484A972C3B554B00A5E265 /* Assets.xcassets in Resources */ = {isa = PBXBuildFile; fileRef = 9A484A962C3B554B00A5E265 /* Assets.xcassets */; };
		9A484A9A2C3B554B00A5E265 /* Preview Assets.xcassets in Resources */ = {isa = PBXBuildFile; fileRef = 9A484A992C3B554B00A5E265 /* Preview Assets.xcassets */; };
		9A484AA42C3B554B00A5E265 /* first_checkTests.swift in Sources */ = {isa = PBXBuildFile; fileRef = 9A484AA32C3B554B00A5E265 /* first_checkTests.swift */; };
		9A484AAE2C3B554B00A5E265 /* first_checkUITests.swift in Sources */ = {isa = PBXBuildFile; fileRef = 9A484AAD2C3B554B00A5E265 /* first_checkUITests.swift */; };
		9A484AB02C3B554B00A5E265 /* first_checkUITestsLaunchTests.swift in Sources */ = {isa = PBXBuildFile; fileRef = 9A484AAF2C3B554B00A5E265 /* first_checkUITestsLaunchTests.swift */; };
		9A873C2F2C3E1EE400352782 /* AmountSettingsView.swift in Sources */ = {isa = PBXBuildFile; fileRef = 9A873C2E2C3E1EE400352782 /* AmountSettingsView.swift */; };
		9A9CC5002C47CD3100CA2CA9 /* GoogleService-Info.plist in Resources */ = {isa = PBXBuildFile; fileRef = 9A9CC4FF2C47CD3100CA2CA9 /* GoogleService-Info.plist */; };
		9AAEA2022C3D205A002225BD /* BarcodeScannerView.swift in Sources */ = {isa = PBXBuildFile; fileRef = 9AAEA1EF2C3D205A002225BD /* BarcodeScannerView.swift */; };
		9AAEA2052C3D205A002225BD /* SecureUnderlineTextField.swift in Sources */ = {isa = PBXBuildFile; fileRef = 9AAEA1F32C3D205A002225BD /* SecureUnderlineTextField.swift */; };
		9AAEA2062C3D205A002225BD /* UnderlineTextField.swift in Sources */ = {isa = PBXBuildFile; fileRef = 9AAEA1F42C3D205A002225BD /* UnderlineTextField.swift */; };
		9AAEA2082C3D205A002225BD /* AddItemView.swift in Sources */ = {isa = PBXBuildFile; fileRef = 9AAEA1F72C3D205A002225BD /* AddItemView.swift */; };
		9AAEA20A2C3D205A002225BD /* Home.swift in Sources */ = {isa = PBXBuildFile; fileRef = 9AAEA1F92C3D205A002225BD /* Home.swift */; };
		9AAEA20B2C3D205A002225BD /* ItemView.swift in Sources */ = {isa = PBXBuildFile; fileRef = 9AAEA1FA2C3D205A002225BD /* ItemView.swift */; };
		9AAEA20C2C3D205A002225BD /* SettingsView.swift in Sources */ = {isa = PBXBuildFile; fileRef = 9AAEA1FB2C3D205A002225BD /* SettingsView.swift */; };
		9AAEA20D2C3D205A002225BD /* SignIn.swift in Sources */ = {isa = PBXBuildFile; fileRef = 9AAEA1FC2C3D205A002225BD /* SignIn.swift */; };
		9AAEA20F2C3D205A002225BD /* ItemModel.swift in Sources */ = {isa = PBXBuildFile; fileRef = 9AAEA1FF2C3D205A002225BD /* ItemModel.swift */; };
		9AAEA2112C3D209B002225BD /* ItemDetailView.swift in Sources */ = {isa = PBXBuildFile; fileRef = 9AAEA2102C3D209B002225BD /* ItemDetailView.swift */; };
		9ABE2C492C3E43BE00878289 /* ItemRowView.swift in Sources */ = {isa = PBXBuildFile; fileRef = 9ABE2C482C3E43BE00878289 /* ItemRowView.swift */; };
		9AD61F5F2C451D7D00D1F386 /* FirestoreManager.swift in Sources */ = {isa = PBXBuildFile; fileRef = 9AD61F5E2C451D7D00D1F386 /* FirestoreManager.swift */; };
		9AD61F622C451F2700D1F386 /* FirebaseAuth in Frameworks */ = {isa = PBXBuildFile; productRef = 9AD61F612C451F2700D1F386 /* FirebaseAuth */; };
		9AD61F642C451F2700D1F386 /* FirebaseFirestore in Frameworks */ = {isa = PBXBuildFile; productRef = 9AD61F632C451F2700D1F386 /* FirebaseFirestore */; };
		9AD61F662C451F2700D1F386 /* FirebaseFirestoreSwift in Frameworks */ = {isa = PBXBuildFile; productRef = 9AD61F652C451F2700D1F386 /* FirebaseFirestoreSwift */; };
/* End PBXBuildFile section */

/* Begin PBXContainerItemProxy section */
		9A484AA02C3B554B00A5E265 /* PBXContainerItemProxy */ = {
			isa = PBXContainerItemProxy;
			containerPortal = 9A484A852C3B554A00A5E265 /* Project object */;
			proxyType = 1;
			remoteGlobalIDString = 9A484A8C2C3B554A00A5E265;
			remoteInfo = first_check;
		};
		9A484AAA2C3B554B00A5E265 /* PBXContainerItemProxy */ = {
			isa = PBXContainerItemProxy;
			containerPortal = 9A484A852C3B554A00A5E265 /* Project object */;
			proxyType = 1;
			remoteGlobalIDString = 9A484A8C2C3B554A00A5E265;
			remoteInfo = first_check;
		};
/* End PBXContainerItemProxy section */

/* Begin PBXFileReference section */
		9A484A8D2C3B554A00A5E265 /* first_check.app */ = {isa = PBXFileReference; explicitFileType = wrapper.application; includeInIndex = 0; path = first_check.app; sourceTree = BUILT_PRODUCTS_DIR; };
		9A484A902C3B554A00A5E265 /* first_checkApp.swift */ = {isa = PBXFileReference; lastKnownFileType = sourcecode.swift; path = first_checkApp.swift; sourceTree = "<group>"; };
		9A484A962C3B554B00A5E265 /* Assets.xcassets */ = {isa = PBXFileReference; lastKnownFileType = folder.assetcatalog; path = Assets.xcassets; sourceTree = "<group>"; };
		9A484A992C3B554B00A5E265 /* Preview Assets.xcassets */ = {isa = PBXFileReference; lastKnownFileType = folder.assetcatalog; path = "Preview Assets.xcassets"; sourceTree = "<group>"; };
		9A484A9F2C3B554B00A5E265 /* first_checkTests.xctest */ = {isa = PBXFileReference; explicitFileType = wrapper.cfbundle; includeInIndex = 0; path = first_checkTests.xctest; sourceTree = BUILT_PRODUCTS_DIR; };
		9A484AA32C3B554B00A5E265 /* first_checkTests.swift */ = {isa = PBXFileReference; lastKnownFileType = sourcecode.swift; path = first_checkTests.swift; sourceTree = "<group>"; };
		9A484AA92C3B554B00A5E265 /* first_checkUITests.xctest */ = {isa = PBXFileReference; explicitFileType = wrapper.cfbundle; includeInIndex = 0; path = first_checkUITests.xctest; sourceTree = BUILT_PRODUCTS_DIR; };
		9A484AAD2C3B554B00A5E265 /* first_checkUITests.swift */ = {isa = PBXFileReference; lastKnownFileType = sourcecode.swift; path = first_checkUITests.swift; sourceTree = "<group>"; };
		9A484AAF2C3B554B00A5E265 /* first_checkUITestsLaunchTests.swift */ = {isa = PBXFileReference; lastKnownFileType = sourcecode.swift; path = first_checkUITestsLaunchTests.swift; sourceTree = "<group>"; };
		9A484ADE2C3B55C300A5E265 /* CodeScanner */ = {isa = PBXFileReference; lastKnownFileType = wrapper; name = CodeScanner; path = "../../../Library/Developer/Xcode/DerivedData/First_Check-futitpqlddkorjdokzigvcudsuec/SourcePackages/checkouts/CodeScanner"; sourceTree = "<group>"; };
		9A873C2E2C3E1EE400352782 /* AmountSettingsView.swift */ = {isa = PBXFileReference; lastKnownFileType = sourcecode.swift; path = AmountSettingsView.swift; sourceTree = "<group>"; };
		9A9CC4FF2C47CD3100CA2CA9 /* GoogleService-Info.plist */ = {isa = PBXFileReference; fileEncoding = 4; lastKnownFileType = text.plist.xml; path = "GoogleService-Info.plist"; sourceTree = "<group>"; };
		9AAEA1EF2C3D205A002225BD /* BarcodeScannerView.swift */ = {isa = PBXFileReference; fileEncoding = 4; lastKnownFileType = sourcecode.swift; path = BarcodeScannerView.swift; sourceTree = "<group>"; };
		9AAEA1F32C3D205A002225BD /* SecureUnderlineTextField.swift */ = {isa = PBXFileReference; fileEncoding = 4; lastKnownFileType = sourcecode.swift; path = SecureUnderlineTextField.swift; sourceTree = "<group>"; };
		9AAEA1F42C3D205A002225BD /* UnderlineTextField.swift */ = {isa = PBXFileReference; fileEncoding = 4; lastKnownFileType = sourcecode.swift; path = UnderlineTextField.swift; sourceTree = "<group>"; };
		9AAEA1F72C3D205A002225BD /* AddItemView.swift */ = {isa = PBXFileReference; fileEncoding = 4; lastKnownFileType = sourcecode.swift; path = AddItemView.swift; sourceTree = "<group>"; };
		9AAEA1F92C3D205A002225BD /* Home.swift */ = {isa = PBXFileReference; fileEncoding = 4; lastKnownFileType = sourcecode.swift; path = Home.swift; sourceTree = "<group>"; };
		9AAEA1FA2C3D205A002225BD /* ItemView.swift */ = {isa = PBXFileReference; fileEncoding = 4; lastKnownFileType = sourcecode.swift; path = ItemView.swift; sourceTree = "<group>"; };
		9AAEA1FB2C3D205A002225BD /* SettingsView.swift */ = {isa = PBXFileReference; fileEncoding = 4; lastKnownFileType = sourcecode.swift; path = SettingsView.swift; sourceTree = "<group>"; };
		9AAEA1FC2C3D205A002225BD /* SignIn.swift */ = {isa = PBXFileReference; fileEncoding = 4; lastKnownFileType = sourcecode.swift; path = SignIn.swift; sourceTree = "<group>"; };
		9AAEA1FF2C3D205A002225BD /* ItemModel.swift */ = {isa = PBXFileReference; fileEncoding = 4; lastKnownFileType = sourcecode.swift; path = ItemModel.swift; sourceTree = "<group>"; };
		9AAEA2102C3D209B002225BD /* ItemDetailView.swift */ = {isa = PBXFileReference; fileEncoding = 4; lastKnownFileType = sourcecode.swift; path = ItemDetailView.swift; sourceTree = "<group>"; };
		9ABE2C482C3E43BE00878289 /* ItemRowView.swift */ = {isa = PBXFileReference; lastKnownFileType = sourcecode.swift; path = ItemRowView.swift; sourceTree = "<group>"; };
		9AD61F5E2C451D7D00D1F386 /* FirestoreManager.swift */ = {isa = PBXFileReference; lastKnownFileType = sourcecode.swift; path = FirestoreManager.swift; sourceTree = "<group>"; };
/* End PBXFileReference section */

/* Begin PBXFrameworksBuildPhase section */
		9A484A8A2C3B554A00A5E265 /* Frameworks */ = {
			isa = PBXFrameworksBuildPhase;
			buildActionMask = 2147483647;
			files = (
				9AD61F622C451F2700D1F386 /* FirebaseAuth in Frameworks */,
				9AD61F642C451F2700D1F386 /* FirebaseFirestore in Frameworks */,
				9AD61F662C451F2700D1F386 /* FirebaseFirestoreSwift in Frameworks */,
			);
			runOnlyForDeploymentPostprocessing = 0;
		};
		9A484A9C2C3B554B00A5E265 /* Frameworks */ = {
			isa = PBXFrameworksBuildPhase;
			buildActionMask = 2147483647;
			files = (
			);
			runOnlyForDeploymentPostprocessing = 0;
		};
		9A484AA62C3B554B00A5E265 /* Frameworks */ = {
			isa = PBXFrameworksBuildPhase;
			buildActionMask = 2147483647;
			files = (
			);
			runOnlyForDeploymentPostprocessing = 0;
		};
/* End PBXFrameworksBuildPhase section */

/* Begin PBXGroup section */
		9A484A842C3B554A00A5E265 = {
			isa = PBXGroup;
			children = (
				9A484A8F2C3B554A00A5E265 /* first_check */,
				9A484AA22C3B554B00A5E265 /* first_checkTests */,
				9A484AAC2C3B554B00A5E265 /* first_checkUITests */,
				9A484A8E2C3B554A00A5E265 /* Products */,
			);
			sourceTree = "<group>";
		};
		9A484A8E2C3B554A00A5E265 /* Products */ = {
			isa = PBXGroup;
			children = (
				9A484A8D2C3B554A00A5E265 /* first_check.app */,
				9A484A9F2C3B554B00A5E265 /* first_checkTests.xctest */,
				9A484AA92C3B554B00A5E265 /* first_checkUITests.xctest */,
			);
			name = Products;
			sourceTree = "<group>";
		};
		9A484A8F2C3B554A00A5E265 /* first_check */ = {
			isa = PBXGroup;
			children = (
				9A9CC4FF2C47CD3100CA2CA9 /* GoogleService-Info.plist */,
				9AD61F592C451C8C00D1F386 /* LocalDatabase */,
				9AAEA2002C3D205A002225BD /* Models */,
				9AAEA1FD2C3D205A002225BD /* Views */,
				9A484A902C3B554A00A5E265 /* first_checkApp.swift */,
				9A484A962C3B554B00A5E265 /* Assets.xcassets */,
				9A484A982C3B554B00A5E265 /* Preview Content */,
			);
			path = first_check;
			sourceTree = "<group>";
		};
		9A484A982C3B554B00A5E265 /* Preview Content */ = {
			isa = PBXGroup;
			children = (
				9A484A992C3B554B00A5E265 /* Preview Assets.xcassets */,
			);
			path = "Preview Content";
			sourceTree = "<group>";
		};
		9A484AA22C3B554B00A5E265 /* first_checkTests */ = {
			isa = PBXGroup;
			children = (
				9A484AA32C3B554B00A5E265 /* first_checkTests.swift */,
			);
			path = first_checkTests;
			sourceTree = "<group>";
		};
		9A484AAC2C3B554B00A5E265 /* first_checkUITests */ = {
			isa = PBXGroup;
			children = (
				9A484ADE2C3B55C300A5E265 /* CodeScanner */,
				9A484AAD2C3B554B00A5E265 /* first_checkUITests.swift */,
				9A484AAF2C3B554B00A5E265 /* first_checkUITestsLaunchTests.swift */,
			);
			path = first_checkUITests;
			sourceTree = "<group>";
		};
		9AAEA1F02C3D205A002225BD /* BarcodeScanner */ = {
			isa = PBXGroup;
			children = (
				9AAEA1EF2C3D205A002225BD /* BarcodeScannerView.swift */,
			);
			path = BarcodeScanner;
			sourceTree = "<group>";
		};
		9AAEA1F52C3D205A002225BD /* Components */ = {
			isa = PBXGroup;
			children = (
				9A873C2E2C3E1EE400352782 /* AmountSettingsView.swift */,
				9ABE2C482C3E43BE00878289 /* ItemRowView.swift */,
				9AAEA1F32C3D205A002225BD /* SecureUnderlineTextField.swift */,
				9AAEA1F42C3D205A002225BD /* UnderlineTextField.swift */,
			);
			path = Components;
			sourceTree = "<group>";
		};
		9AAEA1FD2C3D205A002225BD /* Views */ = {
			isa = PBXGroup;
			children = (
				9AAEA1F72C3D205A002225BD /* AddItemView.swift */,
				9AAEA1F92C3D205A002225BD /* Home.swift */,
				9AAEA2102C3D209B002225BD /* ItemDetailView.swift */,
				9AAEA1FA2C3D205A002225BD /* ItemView.swift */,
				9AAEA1FB2C3D205A002225BD /* SettingsView.swift */,
				9AAEA1FC2C3D205A002225BD /* SignIn.swift */,
				9AAEA1F02C3D205A002225BD /* BarcodeScanner */,
				9AAEA1F52C3D205A002225BD /* Components */,
			);
			path = Views;
			sourceTree = "<group>";
		};
		9AAEA2002C3D205A002225BD /* Models */ = {
			isa = PBXGroup;
			children = (
				9AAEA1FF2C3D205A002225BD /* ItemModel.swift */,
			);
			path = Models;
			sourceTree = "<group>";
		};
		9AD61F592C451C8C00D1F386 /* LocalDatabase */ = {
			isa = PBXGroup;
			children = (
				9AD61F5E2C451D7D00D1F386 /* FirestoreManager.swift */,
			);
			path = LocalDatabase;
			sourceTree = "<group>";
		};
/* End PBXGroup section */

/* Begin PBXNativeTarget section */
		9A484A8C2C3B554A00A5E265 /* first_check */ = {
			isa = PBXNativeTarget;
			buildConfigurationList = 9A484AB32C3B554B00A5E265 /* Build configuration list for PBXNativeTarget "first_check" */;
			buildPhases = (
				9A484A892C3B554A00A5E265 /* Sources */,
				9A484A8A2C3B554A00A5E265 /* Frameworks */,
				9A484A8B2C3B554A00A5E265 /* Resources */,
			);
			buildRules = (
			);
			dependencies = (
			);
			name = first_check;
			packageProductDependencies = (
				9AD61F612C451F2700D1F386 /* FirebaseAuth */,
				9AD61F632C451F2700D1F386 /* FirebaseFirestore */,
				9AD61F652C451F2700D1F386 /* FirebaseFirestoreSwift */,
			);
			productName = first_check;
			productReference = 9A484A8D2C3B554A00A5E265 /* first_check.app */;
			productType = "com.apple.product-type.application";
		};
		9A484A9E2C3B554B00A5E265 /* first_checkTests */ = {
			isa = PBXNativeTarget;
			buildConfigurationList = 9A484AB62C3B554B00A5E265 /* Build configuration list for PBXNativeTarget "first_checkTests" */;
			buildPhases = (
				9A484A9B2C3B554B00A5E265 /* Sources */,
				9A484A9C2C3B554B00A5E265 /* Frameworks */,
				9A484A9D2C3B554B00A5E265 /* Resources */,
			);
			buildRules = (
			);
			dependencies = (
				9A484AA12C3B554B00A5E265 /* PBXTargetDependency */,
			);
			name = first_checkTests;
			productName = first_checkTests;
			productReference = 9A484A9F2C3B554B00A5E265 /* first_checkTests.xctest */;
			productType = "com.apple.product-type.bundle.unit-test";
		};
		9A484AA82C3B554B00A5E265 /* first_checkUITests */ = {
			isa = PBXNativeTarget;
			buildConfigurationList = 9A484AB92C3B554B00A5E265 /* Build configuration list for PBXNativeTarget "first_checkUITests" */;
			buildPhases = (
				9A484AA52C3B554B00A5E265 /* Sources */,
				9A484AA62C3B554B00A5E265 /* Frameworks */,
				9A484AA72C3B554B00A5E265 /* Resources */,
			);
			buildRules = (
			);
			dependencies = (
				9A484AAB2C3B554B00A5E265 /* PBXTargetDependency */,
			);
			name = first_checkUITests;
			productName = first_checkUITests;
			productReference = 9A484AA92C3B554B00A5E265 /* first_checkUITests.xctest */;
			productType = "com.apple.product-type.bundle.ui-testing";
		};
/* End PBXNativeTarget section */

/* Begin PBXProject section */
		9A484A852C3B554A00A5E265 /* Project object */ = {
			isa = PBXProject;
			attributes = {
				BuildIndependentTargetsInParallel = 1;
				LastSwiftUpdateCheck = 1540;
				LastUpgradeCheck = 1540;
				TargetAttributes = {
					9A484A8C2C3B554A00A5E265 = {
						CreatedOnToolsVersion = 15.4;
					};
					9A484A9E2C3B554B00A5E265 = {
						CreatedOnToolsVersion = 15.4;
						TestTargetID = 9A484A8C2C3B554A00A5E265;
					};
					9A484AA82C3B554B00A5E265 = {
						CreatedOnToolsVersion = 15.4;
						TestTargetID = 9A484A8C2C3B554A00A5E265;
					};
				};
			};
			buildConfigurationList = 9A484A882C3B554A00A5E265 /* Build configuration list for PBXProject "first_check" */;
			compatibilityVersion = "Xcode 14.0";
			developmentRegion = en;
			hasScannedForEncodings = 0;
			knownRegions = (
				en,
				Base,
			);
			mainGroup = 9A484A842C3B554A00A5E265;
			packageReferences = (
				9AD61F602C451F2700D1F386 /* XCRemoteSwiftPackageReference "firebase-ios-sdk" */,
			);
			productRefGroup = 9A484A8E2C3B554A00A5E265 /* Products */;
			projectDirPath = "";
			projectRoot = "";
			targets = (
				9A484A8C2C3B554A00A5E265 /* first_check */,
				9A484A9E2C3B554B00A5E265 /* first_checkTests */,
				9A484AA82C3B554B00A5E265 /* first_checkUITests */,
			);
		};
/* End PBXProject section */

/* Begin PBXResourcesBuildPhase section */
		9A484A8B2C3B554A00A5E265 /* Resources */ = {
			isa = PBXResourcesBuildPhase;
			buildActionMask = 2147483647;
			files = (
				9A484A9A2C3B554B00A5E265 /* Preview Assets.xcassets in Resources */,
				9A484A972C3B554B00A5E265 /* Assets.xcassets in Resources */,
				9A9CC5002C47CD3100CA2CA9 /* GoogleService-Info.plist in Resources */,
			);
			runOnlyForDeploymentPostprocessing = 0;
		};
		9A484A9D2C3B554B00A5E265 /* Resources */ = {
			isa = PBXResourcesBuildPhase;
			buildActionMask = 2147483647;
			files = (
			);
			runOnlyForDeploymentPostprocessing = 0;
		};
		9A484AA72C3B554B00A5E265 /* Resources */ = {
			isa = PBXResourcesBuildPhase;
			buildActionMask = 2147483647;
			files = (
			);
			runOnlyForDeploymentPostprocessing = 0;
		};
/* End PBXResourcesBuildPhase section */

/* Begin PBXSourcesBuildPhase section */
		9A484A892C3B554A00A5E265 /* Sources */ = {
			isa = PBXSourcesBuildPhase;
			buildActionMask = 2147483647;
			files = (
				9A873C2F2C3E1EE400352782 /* AmountSettingsView.swift in Sources */,
				9AAEA2022C3D205A002225BD /* BarcodeScannerView.swift in Sources */,
				9AAEA2082C3D205A002225BD /* AddItemView.swift in Sources */,
				9AAEA20A2C3D205A002225BD /* Home.swift in Sources */,
				9AAEA2052C3D205A002225BD /* SecureUnderlineTextField.swift in Sources */,
				9AAEA2112C3D209B002225BD /* ItemDetailView.swift in Sources */,
				9AAEA20B2C3D205A002225BD /* ItemView.swift in Sources */,
				9A484A912C3B554A00A5E265 /* first_checkApp.swift in Sources */,
				9ABE2C492C3E43BE00878289 /* ItemRowView.swift in Sources */,
				9AAEA20F2C3D205A002225BD /* ItemModel.swift in Sources */,
				9AAEA20D2C3D205A002225BD /* SignIn.swift in Sources */,
				9AAEA2062C3D205A002225BD /* UnderlineTextField.swift in Sources */,
				9AAEA20C2C3D205A002225BD /* SettingsView.swift in Sources */,
				9AD61F5F2C451D7D00D1F386 /* FirestoreManager.swift in Sources */,
			);
			runOnlyForDeploymentPostprocessing = 0;
		};
		9A484A9B2C3B554B00A5E265 /* Sources */ = {
			isa = PBXSourcesBuildPhase;
			buildActionMask = 2147483647;
			files = (
				9A484AA42C3B554B00A5E265 /* first_checkTests.swift in Sources */,
			);
			runOnlyForDeploymentPostprocessing = 0;
		};
		9A484AA52C3B554B00A5E265 /* Sources */ = {
			isa = PBXSourcesBuildPhase;
			buildActionMask = 2147483647;
			files = (
				9A484AB02C3B554B00A5E265 /* first_checkUITestsLaunchTests.swift in Sources */,
				9A484AAE2C3B554B00A5E265 /* first_checkUITests.swift in Sources */,
			);
			runOnlyForDeploymentPostprocessing = 0;
		};
/* End PBXSourcesBuildPhase section */

/* Begin PBXTargetDependency section */
		9A484AA12C3B554B00A5E265 /* PBXTargetDependency */ = {
			isa = PBXTargetDependency;
			target = 9A484A8C2C3B554A00A5E265 /* first_check */;
			targetProxy = 9A484AA02C3B554B00A5E265 /* PBXContainerItemProxy */;
		};
		9A484AAB2C3B554B00A5E265 /* PBXTargetDependency */ = {
			isa = PBXTargetDependency;
			target = 9A484A8C2C3B554A00A5E265 /* first_check */;
			targetProxy = 9A484AAA2C3B554B00A5E265 /* PBXContainerItemProxy */;
		};
/* End PBXTargetDependency section */

/* Begin XCBuildConfiguration section */
		9A484AB12C3B554B00A5E265 /* Debug */ = {
			isa = XCBuildConfiguration;
			buildSettings = {
				ALWAYS_SEARCH_USER_PATHS = NO;
				ASSETCATALOG_COMPILER_GENERATE_SWIFT_ASSET_SYMBOL_EXTENSIONS = YES;
				CLANG_ANALYZER_NONNULL = YES;
				CLANG_ANALYZER_NUMBER_OBJECT_CONVERSION = YES_AGGRESSIVE;
				CLANG_CXX_LANGUAGE_STANDARD = "gnu++20";
				CLANG_ENABLE_MODULES = YES;
				CLANG_ENABLE_OBJC_ARC = YES;
				CLANG_ENABLE_OBJC_WEAK = YES;
				CLANG_WARN_BLOCK_CAPTURE_AUTORELEASING = YES;
				CLANG_WARN_BOOL_CONVERSION = YES;
				CLANG_WARN_COMMA = YES;
				CLANG_WARN_CONSTANT_CONVERSION = YES;
				CLANG_WARN_DEPRECATED_OBJC_IMPLEMENTATIONS = YES;
				CLANG_WARN_DIRECT_OBJC_ISA_USAGE = YES_ERROR;
				CLANG_WARN_DOCUMENTATION_COMMENTS = YES;
				CLANG_WARN_EMPTY_BODY = YES;
				CLANG_WARN_ENUM_CONVERSION = YES;
				CLANG_WARN_INFINITE_RECURSION = YES;
				CLANG_WARN_INT_CONVERSION = YES;
				CLANG_WARN_NON_LITERAL_NULL_CONVERSION = YES;
				CLANG_WARN_OBJC_IMPLICIT_RETAIN_SELF = YES;
				CLANG_WARN_OBJC_LITERAL_CONVERSION = YES;
				CLANG_WARN_OBJC_ROOT_CLASS = YES_ERROR;
				CLANG_WARN_QUOTED_INCLUDE_IN_FRAMEWORK_HEADER = YES;
				CLANG_WARN_RANGE_LOOP_ANALYSIS = YES;
				CLANG_WARN_STRICT_PROTOTYPES = YES;
				CLANG_WARN_SUSPICIOUS_MOVE = YES;
				CLANG_WARN_UNGUARDED_AVAILABILITY = YES_AGGRESSIVE;
				CLANG_WARN_UNREACHABLE_CODE = YES;
				CLANG_WARN__DUPLICATE_METHOD_MATCH = YES;
				COPY_PHASE_STRIP = NO;
				DEBUG_INFORMATION_FORMAT = dwarf;
				ENABLE_STRICT_OBJC_MSGSEND = YES;
				ENABLE_TESTABILITY = YES;
				ENABLE_USER_SCRIPT_SANDBOXING = YES;
				GCC_C_LANGUAGE_STANDARD = gnu17;
				GCC_DYNAMIC_NO_PIC = NO;
				GCC_NO_COMMON_BLOCKS = YES;
				GCC_OPTIMIZATION_LEVEL = 0;
				GCC_PREPROCESSOR_DEFINITIONS = (
					"DEBUG=1",
					"$(inherited)",
				);
				GCC_WARN_64_TO_32_BIT_CONVERSION = YES;
				GCC_WARN_ABOUT_RETURN_TYPE = YES_ERROR;
				GCC_WARN_UNDECLARED_SELECTOR = YES;
				GCC_WARN_UNINITIALIZED_AUTOS = YES_AGGRESSIVE;
				GCC_WARN_UNUSED_FUNCTION = YES;
				GCC_WARN_UNUSED_VARIABLE = YES;
				INFOPLIST_KEY_NSCameraUsageDescription = "We need access to your camera to scan barcodes.";
				IPHONEOS_DEPLOYMENT_TARGET = 17.5;
				LOCALIZATION_PREFERS_STRING_CATALOGS = YES;
				MTL_ENABLE_DEBUG_INFO = INCLUDE_SOURCE;
				MTL_FAST_MATH = YES;
				ONLY_ACTIVE_ARCH = YES;
				OTHER_LDFLAGS = (
					"-Xlinker",
					"-interposable",
				);
				SDKROOT = iphoneos;
				SWIFT_ACTIVE_COMPILATION_CONDITIONS = "DEBUG $(inherited)";
				SWIFT_OPTIMIZATION_LEVEL = "-Onone";
			};
			name = Debug;
		};
		9A484AB22C3B554B00A5E265 /* Release */ = {
			isa = XCBuildConfiguration;
			buildSettings = {
				ALWAYS_SEARCH_USER_PATHS = NO;
				ASSETCATALOG_COMPILER_GENERATE_SWIFT_ASSET_SYMBOL_EXTENSIONS = YES;
				CLANG_ANALYZER_NONNULL = YES;
				CLANG_ANALYZER_NUMBER_OBJECT_CONVERSION = YES_AGGRESSIVE;
				CLANG_CXX_LANGUAGE_STANDARD = "gnu++20";
				CLANG_ENABLE_MODULES = YES;
				CLANG_ENABLE_OBJC_ARC = YES;
				CLANG_ENABLE_OBJC_WEAK = YES;
				CLANG_WARN_BLOCK_CAPTURE_AUTORELEASING = YES;
				CLANG_WARN_BOOL_CONVERSION = YES;
				CLANG_WARN_COMMA = YES;
				CLANG_WARN_CONSTANT_CONVERSION = YES;
				CLANG_WARN_DEPRECATED_OBJC_IMPLEMENTATIONS = YES;
				CLANG_WARN_DIRECT_OBJC_ISA_USAGE = YES_ERROR;
				CLANG_WARN_DOCUMENTATION_COMMENTS = YES;
				CLANG_WARN_EMPTY_BODY = YES;
				CLANG_WARN_ENUM_CONVERSION = YES;
				CLANG_WARN_INFINITE_RECURSION = YES;
				CLANG_WARN_INT_CONVERSION = YES;
				CLANG_WARN_NON_LITERAL_NULL_CONVERSION = YES;
				CLANG_WARN_OBJC_IMPLICIT_RETAIN_SELF = YES;
				CLANG_WARN_OBJC_LITERAL_CONVERSION = YES;
				CLANG_WARN_OBJC_ROOT_CLASS = YES_ERROR;
				CLANG_WARN_QUOTED_INCLUDE_IN_FRAMEWORK_HEADER = YES;
				CLANG_WARN_RANGE_LOOP_ANALYSIS = YES;
				CLANG_WARN_STRICT_PROTOTYPES = YES;
				CLANG_WARN_SUSPICIOUS_MOVE = YES;
				CLANG_WARN_UNGUARDED_AVAILABILITY = YES_AGGRESSIVE;
				CLANG_WARN_UNREACHABLE_CODE = YES;
				CLANG_WARN__DUPLICATE_METHOD_MATCH = YES;
				COPY_PHASE_STRIP = NO;
				DEBUG_INFORMATION_FORMAT = "dwarf-with-dsym";
				ENABLE_NS_ASSERTIONS = NO;
				ENABLE_STRICT_OBJC_MSGSEND = YES;
				ENABLE_USER_SCRIPT_SANDBOXING = YES;
				GCC_C_LANGUAGE_STANDARD = gnu17;
				GCC_NO_COMMON_BLOCKS = YES;
				GCC_WARN_64_TO_32_BIT_CONVERSION = YES;
				GCC_WARN_ABOUT_RETURN_TYPE = YES_ERROR;
				GCC_WARN_UNDECLARED_SELECTOR = YES;
				GCC_WARN_UNINITIALIZED_AUTOS = YES_AGGRESSIVE;
				GCC_WARN_UNUSED_FUNCTION = YES;
				GCC_WARN_UNUSED_VARIABLE = YES;
				INFOPLIST_KEY_NSCameraUsageDescription = "We need access to your camera to scan barcodes.";
				IPHONEOS_DEPLOYMENT_TARGET = 17.5;
				LOCALIZATION_PREFERS_STRING_CATALOGS = YES;
				MTL_ENABLE_DEBUG_INFO = NO;
				MTL_FAST_MATH = YES;
				OTHER_LDFLAGS = (
					"-Xlinker",
					"-interposable",
				);
				SDKROOT = iphoneos;
				SWIFT_COMPILATION_MODE = wholemodule;
				VALIDATE_PRODUCT = YES;
			};
			name = Release;
		};
		9A484AB42C3B554B00A5E265 /* Debug */ = {
			isa = XCBuildConfiguration;
			buildSettings = {
				ASSETCATALOG_COMPILER_APPICON_NAME = AppIcon;
				ASSETCATALOG_COMPILER_GLOBAL_ACCENT_COLOR_NAME = AccentColor;
				CODE_SIGN_STYLE = Automatic;
				CURRENT_PROJECT_VERSION = 1;
				DEVELOPMENT_ASSET_PATHS = "\"first_check/Preview Content\"";
				DEVELOPMENT_TEAM = 2XX9TRRCB5;
				ENABLE_PREVIEWS = YES;
				GENERATE_INFOPLIST_FILE = YES;
				INFOPLIST_KEY_UIApplicationSceneManifest_Generation = YES;
				INFOPLIST_KEY_UIApplicationSupportsIndirectInputEvents = YES;
				INFOPLIST_KEY_UILaunchScreen_Generation = YES;
				INFOPLIST_KEY_UISupportedInterfaceOrientations_iPad = "UIInterfaceOrientationPortrait UIInterfaceOrientationPortraitUpsideDown UIInterfaceOrientationLandscapeLeft UIInterfaceOrientationLandscapeRight";
				INFOPLIST_KEY_UISupportedInterfaceOrientations_iPhone = "UIInterfaceOrientationPortrait UIInterfaceOrientationLandscapeLeft UIInterfaceOrientationLandscapeRight";
				LD_RUNPATH_SEARCH_PATHS = (
					"$(inherited)",
					"@executable_path/Frameworks",
				);
				MARKETING_VERSION = 1.0;
				PRODUCT_BUNDLE_IDENTIFIER = "com.app.first-check";
				PRODUCT_NAME = "$(TARGET_NAME)";
				SWIFT_EMIT_LOC_STRINGS = YES;
				SWIFT_VERSION = 5.0;
				TARGETED_DEVICE_FAMILY = "1,2";
			};
			name = Debug;
		};
		9A484AB52C3B554B00A5E265 /* Release */ = {
			isa = XCBuildConfiguration;
			buildSettings = {
				ASSETCATALOG_COMPILER_APPICON_NAME = AppIcon;
				ASSETCATALOG_COMPILER_GLOBAL_ACCENT_COLOR_NAME = AccentColor;
				CODE_SIGN_STYLE = Automatic;
				CURRENT_PROJECT_VERSION = 1;
				DEVELOPMENT_ASSET_PATHS = "\"first_check/Preview Content\"";
				DEVELOPMENT_TEAM = 2XX9TRRCB5;
				ENABLE_PREVIEWS = YES;
				GENERATE_INFOPLIST_FILE = YES;
				INFOPLIST_KEY_UIApplicationSceneManifest_Generation = YES;
				INFOPLIST_KEY_UIApplicationSupportsIndirectInputEvents = YES;
				INFOPLIST_KEY_UILaunchScreen_Generation = YES;
				INFOPLIST_KEY_UISupportedInterfaceOrientations_iPad = "UIInterfaceOrientationPortrait UIInterfaceOrientationPortraitUpsideDown UIInterfaceOrientationLandscapeLeft UIInterfaceOrientationLandscapeRight";
				INFOPLIST_KEY_UISupportedInterfaceOrientations_iPhone = "UIInterfaceOrientationPortrait UIInterfaceOrientationLandscapeLeft UIInterfaceOrientationLandscapeRight";
				LD_RUNPATH_SEARCH_PATHS = (
					"$(inherited)",
					"@executable_path/Frameworks",
				);
				MARKETING_VERSION = 1.0;
				PRODUCT_BUNDLE_IDENTIFIER = "com.app.first-check";
				PRODUCT_NAME = "$(TARGET_NAME)";
				SWIFT_EMIT_LOC_STRINGS = YES;
				SWIFT_VERSION = 5.0;
				TARGETED_DEVICE_FAMILY = "1,2";
			};
			name = Release;
		};
		9A484AB72C3B554B00A5E265 /* Debug */ = {
			isa = XCBuildConfiguration;
			buildSettings = {
				ALWAYS_EMBED_SWIFT_STANDARD_LIBRARIES = YES;
				BUNDLE_LOADER = "$(TEST_HOST)";
				CODE_SIGN_STYLE = Automatic;
				CURRENT_PROJECT_VERSION = 1;
				DEVELOPMENT_TEAM = 2XX9TRRCB5;
				GENERATE_INFOPLIST_FILE = YES;
				IPHONEOS_DEPLOYMENT_TARGET = 17.5;
				MARKETING_VERSION = 1.0;
				PRODUCT_BUNDLE_IDENTIFIER = "com.app.first-checkTests";
				PRODUCT_NAME = "$(TARGET_NAME)";
				SWIFT_EMIT_LOC_STRINGS = NO;
				SWIFT_VERSION = 5.0;
				TARGETED_DEVICE_FAMILY = "1,2";
				TEST_HOST = "$(BUILT_PRODUCTS_DIR)/first_check.app/$(BUNDLE_EXECUTABLE_FOLDER_PATH)/first_check";
			};
			name = Debug;
		};
		9A484AB82C3B554B00A5E265 /* Release */ = {
			isa = XCBuildConfiguration;
			buildSettings = {
				ALWAYS_EMBED_SWIFT_STANDARD_LIBRARIES = YES;
				BUNDLE_LOADER = "$(TEST_HOST)";
				CODE_SIGN_STYLE = Automatic;
				CURRENT_PROJECT_VERSION = 1;
				DEVELOPMENT_TEAM = 2XX9TRRCB5;
				GENERATE_INFOPLIST_FILE = YES;
				IPHONEOS_DEPLOYMENT_TARGET = 17.5;
				MARKETING_VERSION = 1.0;
				PRODUCT_BUNDLE_IDENTIFIER = "com.app.first-checkTests";
				PRODUCT_NAME = "$(TARGET_NAME)";
				SWIFT_EMIT_LOC_STRINGS = NO;
				SWIFT_VERSION = 5.0;
				TARGETED_DEVICE_FAMILY = "1,2";
				TEST_HOST = "$(BUILT_PRODUCTS_DIR)/first_check.app/$(BUNDLE_EXECUTABLE_FOLDER_PATH)/first_check";
			};
			name = Release;
		};
		9A484ABA2C3B554B00A5E265 /* Debug */ = {
			isa = XCBuildConfiguration;
			buildSettings = {
				ALWAYS_EMBED_SWIFT_STANDARD_LIBRARIES = YES;
				CODE_SIGN_STYLE = Automatic;
				CURRENT_PROJECT_VERSION = 1;
				DEVELOPMENT_TEAM = 2XX9TRRCB5;
				GENERATE_INFOPLIST_FILE = YES;
				MARKETING_VERSION = 1.0;
				PRODUCT_BUNDLE_IDENTIFIER = "com.app.first-checkUITests";
				PRODUCT_NAME = "$(TARGET_NAME)";
				SWIFT_EMIT_LOC_STRINGS = NO;
				SWIFT_VERSION = 5.0;
				TARGETED_DEVICE_FAMILY = "1,2";
				TEST_TARGET_NAME = first_check;
			};
			name = Debug;
		};
		9A484ABB2C3B554B00A5E265 /* Release */ = {
			isa = XCBuildConfiguration;
			buildSettings = {
				ALWAYS_EMBED_SWIFT_STANDARD_LIBRARIES = YES;
				CODE_SIGN_STYLE = Automatic;
				CURRENT_PROJECT_VERSION = 1;
				DEVELOPMENT_TEAM = 2XX9TRRCB5;
				GENERATE_INFOPLIST_FILE = YES;
				MARKETING_VERSION = 1.0;
				PRODUCT_BUNDLE_IDENTIFIER = "com.app.first-checkUITests";
				PRODUCT_NAME = "$(TARGET_NAME)";
				SWIFT_EMIT_LOC_STRINGS = NO;
				SWIFT_VERSION = 5.0;
				TARGETED_DEVICE_FAMILY = "1,2";
				TEST_TARGET_NAME = first_check;
			};
			name = Release;
		};
/* End XCBuildConfiguration section */

/* Begin XCConfigurationList section */
		9A484A882C3B554A00A5E265 /* Build configuration list for PBXProject "first_check" */ = {
			isa = XCConfigurationList;
			buildConfigurations = (
				9A484AB12C3B554B00A5E265 /* Debug */,
				9A484AB22C3B554B00A5E265 /* Release */,
			);
			defaultConfigurationIsVisible = 0;
			defaultConfigurationName = Release;
		};
		9A484AB32C3B554B00A5E265 /* Build configuration list for PBXNativeTarget "first_check" */ = {
			isa = XCConfigurationList;
			buildConfigurations = (
				9A484AB42C3B554B00A5E265 /* Debug */,
				9A484AB52C3B554B00A5E265 /* Release */,
			);
			defaultConfigurationIsVisible = 0;
			defaultConfigurationName = Release;
		};
		9A484AB62C3B554B00A5E265 /* Build configuration list for PBXNativeTarget "first_checkTests" */ = {
			isa = XCConfigurationList;
			buildConfigurations = (
				9A484AB72C3B554B00A5E265 /* Debug */,
				9A484AB82C3B554B00A5E265 /* Release */,
			);
			defaultConfigurationIsVisible = 0;
			defaultConfigurationName = Release;
		};
		9A484AB92C3B554B00A5E265 /* Build configuration list for PBXNativeTarget "first_checkUITests" */ = {
			isa = XCConfigurationList;
			buildConfigurations = (
				9A484ABA2C3B554B00A5E265 /* Debug */,
				9A484ABB2C3B554B00A5E265 /* Release */,
			);
			defaultConfigurationIsVisible = 0;
			defaultConfigurationName = Release;
		};
/* End XCConfigurationList section */

/* Begin XCRemoteSwiftPackageReference section */
		9AD61F602C451F2700D1F386 /* XCRemoteSwiftPackageReference "firebase-ios-sdk" */ = {
			isa = XCRemoteSwiftPackageReference;
			repositoryURL = "https://github.com/firebase/firebase-ios-sdk";
			requirement = {
				kind = upToNextMajorVersion;
				minimumVersion = 10.29.0;
			};
		};
/* End XCRemoteSwiftPackageReference section */

/* Begin XCSwiftPackageProductDependency section */
		9AD61F612C451F2700D1F386 /* FirebaseAuth */ = {
			isa = XCSwiftPackageProductDependency;
			package = 9AD61F602C451F2700D1F386 /* XCRemoteSwiftPackageReference "firebase-ios-sdk" */;
			productName = FirebaseAuth;
		};
		9AD61F632C451F2700D1F386 /* FirebaseFirestore */ = {
			isa = XCSwiftPackageProductDependency;
			package = 9AD61F602C451F2700D1F386 /* XCRemoteSwiftPackageReference "firebase-ios-sdk" */;
			productName = FirebaseFirestore;
		};
		9AD61F652C451F2700D1F386 /* FirebaseFirestoreSwift */ = {
			isa = XCSwiftPackageProductDependency;
			package = 9AD61F602C451F2700D1F386 /* XCRemoteSwiftPackageReference "firebase-ios-sdk" */;
			productName = FirebaseFirestoreSwift;
		};
/* End XCSwiftPackageProductDependency section */
	};
	rootObject = 9A484A852C3B554A00A5E265 /* Project object */;
}
